
Microsoft Visual Studio Solution File, Format Version 12.00
# Visual Studio Version 16
VisualStudioVersion = 16.0.30309.148
MinimumVisualStudioVersion = 10.0.40219.1
Project("{FAE04EC0-301F-11D3-BF4B-00C04F79EFBC}") = "IndiaStateCensusAnalyser", "IndiaStateCensusAnalyser\IndiaStateCensusAnalyser.csproj", "{F539160A-DDAE-42CF-8997-319E8308351A}"
EndProject
Global
	GlobalSection(SolutionConfigurationPlatforms) = preSolution
		Debug|Any CPU = Debug|Any CPU
		Release|Any CPU = Release|Any CPU
	EndGlobalSection
	GlobalSection(ProjectConfigurationPlatforms) = postSolution
		{F539160A-DDAE-42CF-8997-319E8308351A}.Debug|Any CPU.ActiveCfg = Debug|Any CPU
		{F539160A-DDAE-42CF-8997-319E8308351A}.Debug|Any CPU.Build.0 = Debug|Any CPU
		{F539160A-DDAE-42CF-8997-319E8308351A}.Release|Any CPU.ActiveCfg = Release|Any CPU
		{F539160A-DDAE-42CF-8997-319E8308351A}.Release|Any CPU.Build.0 = Release|Any CPU
	EndGlobalSection
	GlobalSection(SolutionProperties) = preSolution
		HideSolutionNode = FALSE
	EndGlobalSection
	GlobalSection(ExtensibilityGlobals) = postSolution
		SolutionGuid = {8E015A7F-49FA-424B-9A06-3659BA31A3FC}
	EndGlobalSection
EndGlobal
